
Microsoft Visual Studio Solution File, Format Version 12.00
# Visual Studio Version 17
VisualStudioVersion = 17.5.33530.505
MinimumVisualStudioVersion = 10.0.40219.1
Project("{8BC9CEB8-8B4A-11D0-8D11-00A0C91BC942}") = "number count", "number count.vcxproj", "{CB36B4BF-5338-43EF-A06B-C9D7C75C8C4F}"
EndProject
Global
	GlobalSection(SolutionConfigurationPlatforms) = preSolution
		Debug|x64 = Debug|x64
		Debug|x86 = Debug|x86
		Release|x64 = Release|x64
		Release|x86 = Release|x86
	EndGlobalSection
	GlobalSection(ProjectConfigurationPlatforms) = postSolution
		{CB36B4BF-5338-43EF-A06B-C9D7C75C8C4F}.Debug|x64.ActiveCfg = Debug|x64
		{CB36B4BF-5338-43EF-A06B-C9D7C75C8C4F}.Debug|x64.Build.0 = Debug|x64
		{CB36B4BF-5338-43EF-A06B-C9D7C75C8C4F}.Debug|x86.ActiveCfg = Debug|Win32
		{CB36B4BF-5338-43EF-A06B-C9D7C75C8C4F}.Debug|x86.Build.0 = Debug|Win32
		{CB36B4BF-5338-43EF-A06B-C9D7C75C8C4F}.Release|x64.ActiveCfg = Release|x64
		{CB36B4BF-5338-43EF-A06B-C9D7C75C8C4F}.Release|x64.Build.0 = Release|x64
		{CB36B4BF-5338-43EF-A06B-C9D7C75C8C4F}.Release|x86.ActiveCfg = Release|Win32
		{CB36B4BF-5338-43EF-A06B-C9D7C75C8C4F}.Release|x86.Build.0 = Release|Win32
	EndGlobalSection
	GlobalSection(SolutionProperties) = preSolution
		HideSolutionNode = FALSE
	EndGlobalSection
	GlobalSection(ExtensibilityGlobals) = postSolution
		SolutionGuid = {7D7A24F1-2927-44F5-B4C3-206DF29AA997}
	EndGlobalSection
EndGlobal
